
Microsoft Visual Studio Solution File, Format Version 12.00
# Visual Studio Version 16
VisualStudioVersion = 16.0.30128.74
MinimumVisualStudioVersion = 10.0.40219.1
Project("{FAE04EC0-301F-11D3-BF4B-00C04F79EFBC}") = "BreakDesktopClient", "BreakDesktopClient\BreakDesktopClient.csproj", "{51242FB7-60EF-4E5B-B2B4-675381015084}"
EndProject
Global
	GlobalSection(SolutionConfigurationPlatforms) = preSolution
		Debug|Any CPU = Debug|Any CPU
		Release|Any CPU = Release|Any CPU
	EndGlobalSection
	GlobalSection(ProjectConfigurationPlatforms) = postSolution
		{51242FB7-60EF-4E5B-B2B4-675381015084}.Debug|Any CPU.ActiveCfg = Debug|Any CPU
		{51242FB7-60EF-4E5B-B2B4-675381015084}.Debug|Any CPU.Build.0 = Debug|Any CPU
		{51242FB7-60EF-4E5B-B2B4-675381015084}.Release|Any CPU.ActiveCfg = Release|Any CPU
		{51242FB7-60EF-4E5B-B2B4-675381015084}.Release|Any CPU.Build.0 = Release|Any CPU
	EndGlobalSection
	GlobalSection(SolutionProperties) = preSolution
		HideSolutionNode = FALSE
	EndGlobalSection
	GlobalSection(ExtensibilityGlobals) = postSolution
		SolutionGuid = {C79B808E-8B43-46BE-A3AC-FD4178CAE7D1}
	EndGlobalSection
EndGlobal
